
Microsoft Visual Studio Solution File, Format Version 12.00
# Visual Studio Version 16
VisualStudioVersion = 16.0.31105.61
MinimumVisualStudioVersion = 10.0.40219.1
Project("{FAE04EC0-301F-11D3-BF4B-00C04F79EFBC}") = "Raysi", "Raysi\Raysi.csproj", "{C9D4EA83-3B93-4E4C-B6BA-B2245A836342}"
EndProject
Global
	GlobalSection(SolutionConfigurationPlatforms) = preSolution
		Debug|Any CPU = Debug|Any CPU
		Release|Any CPU = Release|Any CPU
	EndGlobalSection
	GlobalSection(ProjectConfigurationPlatforms) = postSolution
		{C9D4EA83-3B93-4E4C-B6BA-B2245A836342}.Debug|Any CPU.ActiveCfg = Debug|Any CPU
		{C9D4EA83-3B93-4E4C-B6BA-B2245A836342}.Debug|Any CPU.Build.0 = Debug|Any CPU
		{C9D4EA83-3B93-4E4C-B6BA-B2245A836342}.Release|Any CPU.ActiveCfg = Release|Any CPU
		{C9D4EA83-3B93-4E4C-B6BA-B2245A836342}.Release|Any CPU.Build.0 = Release|Any CPU
	EndGlobalSection
	GlobalSection(SolutionProperties) = preSolution
		HideSolutionNode = FALSE
	EndGlobalSection
	GlobalSection(ExtensibilityGlobals) = postSolution
		SolutionGuid = {CFF8EA14-B045-498B-808C-B6646A9B32AC}
	EndGlobalSection
EndGlobal
